Microsoft Visual Studio Solution File, Format Version 12.00
# Visual Studio Version 18
VisualStudioVersion = 18.3.11512.155 d18.3
MinimumVisualStudioVersion = 10.0.40219.1
Project("{FAE04EC0-301F-11D3-BF4B-00C04F79EFBC}") = "Entanglement", "Entanglement\Entanglement.csproj", "{490E160D-251D-4AB4-A3BB-F473961FF8A1}"
EndProject
Global
	GlobalSection(SolutionConfigurationPlatforms) = preSolution
		Debug|Any CPU = Debug|Any CPU
		Release|Any CPU = Release|Any CPU
	EndGlobalSection
	GlobalSection(ProjectConfigurationPlatforms) = postSolution
		{490E160D-251D-4AB4-A3BB-F473961FF8A1}.Debug|Any CPU.ActiveCfg = Debug|Any CPU
		{490E160D-251D-4AB4-A3BB-F473961FF8A1}.Debug|Any CPU.Build.0 = Debug|Any CPU
		{490E160D-251D-4AB4-A3BB-F473961FF8A1}.Release|Any CPU.ActiveCfg = Release|Any CPU
		{490E160D-251D-4AB4-A3BB-F473961FF8A1}.Release|Any CPU.Build.0 = Release|Any CPU
	EndGlobalSection
	GlobalSection(SolutionProperties) = preSolution
		HideSolutionNode = FALSE
	EndGlobalSection
	GlobalSection(ExtensibilityGlobals) = postSolution
		SolutionGuid = {EAB9902A-9C53-4BA7-A4C5-FC2609D15E55}
	EndGlobalSection
EndGlobal
